
Microsoft Visual Studio Solution File, Format Version 12.00
# Visual Studio Version 17
VisualStudioVersion = 17.5.33424.131
MinimumVisualStudioVersion = 10.0.40219.1
Project("{FAE04EC0-301F-11D3-BF4B-00C04F79EFBC}") = "EMS", "EMS\EMS.csproj", "{31AF476D-0DB5-4D8F-9A5F-ABC112CB5CE0}"
EndProject
Project("{9A19103F-16F7-4668-BE54-9A1E7A4F7556}") = "TestEMS", "TestEMS\TestEMS.csproj", "{D0B73D99-CCBE-4E12-8C5B-C2CB3F586ADC}"
EndProject
Project("{FAE04EC0-301F-11D3-BF4B-00C04F79EFBC}") = "PCSTester", "PCSTester\PCSTester.csproj", "{D27E1302-A7CB-42BF-B143-40AE196B907E}"
	ProjectSection(ProjectDependencies) = postProject
		{3FA9E629-23AC-49E0-AA24-1D55DBAA191A} = {3FA9E629-23AC-49E0-AA24-1D55DBAA191A}
	EndProjectSection
EndProject
Project("{FAE04EC0-301F-11D3-BF4B-00C04F79EFBC}") = "BMS", "BMS\BMS.csproj", "{4B11AD31-018F-4392-B0B5-BBC60D325B2A}"
	ProjectSection(ProjectDependencies) = postProject
		{3FA9E629-23AC-49E0-AA24-1D55DBAA191A} = {3FA9E629-23AC-49E0-AA24-1D55DBAA191A}
	EndProjectSection
EndProject
Project("{FAE04EC0-301F-11D3-BF4B-00C04F79EFBC}") = "EMSCommon", "EMSCommon\EMSCommon.csproj", "{3FA9E629-23AC-49E0-AA24-1D55DBAA191A}"
EndProject
Global
	GlobalSection(SolutionConfigurationPlatforms) = preSolution
		Debug|Any CPU = Debug|Any CPU
		Release|Any CPU = Release|Any CPU
	EndGlobalSection
	GlobalSection(ProjectConfigurationPlatforms) = postSolution
		{31AF476D-0DB5-4D8F-9A5F-ABC112CB5CE0}.Debug|Any CPU.ActiveCfg = Debug|Any CPU
		{31AF476D-0DB5-4D8F-9A5F-ABC112CB5CE0}.Debug|Any CPU.Build.0 = Debug|Any CPU
		{31AF476D-0DB5-4D8F-9A5F-ABC112CB5CE0}.Release|Any CPU.ActiveCfg = Release|Any CPU
		{31AF476D-0DB5-4D8F-9A5F-ABC112CB5CE0}.Release|Any CPU.Build.0 = Release|Any CPU
		{D0B73D99-CCBE-4E12-8C5B-C2CB3F586ADC}.Debug|Any CPU.ActiveCfg = Debug|Any CPU
		{D0B73D99-CCBE-4E12-8C5B-C2CB3F586ADC}.Debug|Any CPU.Build.0 = Debug|Any CPU
		{D0B73D99-CCBE-4E12-8C5B-C2CB3F586ADC}.Release|Any CPU.ActiveCfg = Release|Any CPU
		{D0B73D99-CCBE-4E12-8C5B-C2CB3F586ADC}.Release|Any CPU.Build.0 = Release|Any CPU
		{D27E1302-A7CB-42BF-B143-40AE196B907E}.Debug|Any CPU.ActiveCfg = Debug|Any CPU
		{D27E1302-A7CB-42BF-B143-40AE196B907E}.Debug|Any CPU.Build.0 = Debug|Any CPU
		{D27E1302-A7CB-42BF-B143-40AE196B907E}.Release|Any CPU.ActiveCfg = Release|Any CPU
		{D27E1302-A7CB-42BF-B143-40AE196B907E}.Release|Any CPU.Build.0 = Release|Any CPU
		{4B11AD31-018F-4392-B0B5-BBC60D325B2A}.Debug|Any CPU.ActiveCfg = Debug|Any CPU
		{4B11AD31-018F-4392-B0B5-BBC60D325B2A}.Debug|Any CPU.Build.0 = Debug|Any CPU
		{4B11AD31-018F-4392-B0B5-BBC60D325B2A}.Release|Any CPU.ActiveCfg = Release|Any CPU
		{4B11AD31-018F-4392-B0B5-BBC60D325B2A}.Release|Any CPU.Build.0 = Release|Any CPU
		{3FA9E629-23AC-49E0-AA24-1D55DBAA191A}.Debug|Any CPU.ActiveCfg = Debug|Any CPU
		{3FA9E629-23AC-49E0-AA24-1D55DBAA191A}.Debug|Any CPU.Build.0 = Debug|Any CPU
		{3FA9E629-23AC-49E0-AA24-1D55DBAA191A}.Release|Any CPU.ActiveCfg = Release|Any CPU
		{3FA9E629-23AC-49E0-AA24-1D55DBAA191A}.Release|Any CPU.Build.0 = Release|Any CPU
	EndGlobalSection
	GlobalSection(SolutionProperties) = preSolution
		HideSolutionNode = FALSE
	EndGlobalSection
	GlobalSection(ExtensibilityGlobals) = postSolution
		SolutionGuid = {A239D315-F663-4455-98F6-173A8C55920E}
	EndGlobalSection
EndGlobal
